
Microsoft Visual Studio Solution File, Format Version 12.00
# Visual Studio Version 16
VisualStudioVersion = 16.0.30204.135
MinimumVisualStudioVersion = 10.0.40219.1
Project("{FAE04EC0-301F-11D3-BF4B-00C04F79EFBC}") = "SpaceGame.Infrastructure", "SpaceGame.Infrastructure\SpaceGame.Infrastructure.csproj", "{EFDF5571-163F-490D-8430-9DC7CB8F0DEF}"
EndProject
Global
	GlobalSection(SolutionConfigurationPlatforms) = preSolution
		Debug|Any CPU = Debug|Any CPU
		Release|Any CPU = Release|Any CPU
	EndGlobalSection
	GlobalSection(ProjectConfigurationPlatforms) = postSolution
		{EFDF5571-163F-490D-8430-9DC7CB8F0DEF}.Debug|Any CPU.ActiveCfg = Debug|Any CPU
		{EFDF5571-163F-490D-8430-9DC7CB8F0DEF}.Debug|Any CPU.Build.0 = Debug|Any CPU
		{EFDF5571-163F-490D-8430-9DC7CB8F0DEF}.Release|Any CPU.ActiveCfg = Release|Any CPU
		{EFDF5571-163F-490D-8430-9DC7CB8F0DEF}.Release|Any CPU.Build.0 = Release|Any CPU
	EndGlobalSection
	GlobalSection(SolutionProperties) = preSolution
		HideSolutionNode = FALSE
	EndGlobalSection
	GlobalSection(ExtensibilityGlobals) = postSolution
		SolutionGuid = {8633842C-2B90-4703-B07C-C4AD5A495465}
	EndGlobalSection
EndGlobal
